<?xml version="1.0" encoding="UTF-8"?>
<Scheme
   version = "1.3">
   <BuildAction>
      <BuildActionEntries>
         <BuildActionEntry
            buildForRunning = "YES">
            <BuildableReference
               BuildableIdentifier = "primary"
               BlueprintIdentifier = "87303DE229511B7E0005F050"
               BuildableName = "AnimatedOnBoardingScreen.app"
               BlueprintName = "AnimatedOnBoardingScreen"
               ReferencedContainer = "container:AnimatedOnBoardingScreen.xcodeproj">
            </BuildableReference>
         </BuildActionEntry>
      </BuildActionEntries>
   </BuildAction>
   <LaunchAction
      useCustomWorkingDirectory = "NO"
      buildConfiguration = "Debug"
      allowLocationSimulation = "YES">
      <BuildableProductRunnable>
         <BuildableReference
            BuildableIdentifier = "primary"
            BlueprintIdentifier = "87303DE229511B7E0005F050"
            BuildableName = "AnimatedOnBoardingScreen.app"
            BlueprintName = "AnimatedOnBoardingScreen"
            ReferencedContainer = "container:AnimatedOnBoardingScreen.xcodeproj">
         </BuildableReference>
      </BuildableProductRunnable>
   </LaunchAction>
</Scheme>
